
Microsoft Visual Studio Solution File, Format Version 12.00
# Visual Studio Version 16
VisualStudioVersion = 16.0.31729.503
MinimumVisualStudioVersion = 10.0.40219.1
Project("{8BC9CEB8-8B4A-11D0-8D11-00A0C91BC942}") = "ConsoleApplication2", "ConsoleApplication2\ConsoleApplication2.vcxproj", "{9BB0EFEB-2C87-46B2-AE23-B4514CFC436A}"
EndProject
Project("{8BC9CEB8-8B4A-11D0-8D11-00A0C91BC942}") = "keys_and_stuff_find", "keys_and_stuff_find\keys_and_stuff_find.vcxproj", "{C26FC011-899D-49B8-A244-1540F6871FFB}"
EndProject
Project("{8BC9CEB8-8B4A-11D0-8D11-00A0C91BC942}") = "spyrall_array", "spyrall_array\spyrall_array.vcxproj", "{D13C6A9A-BADC-4BD1-A0D1-A7D03DBCE1D0}"
EndProject
Project("{8BC9CEB8-8B4A-11D0-8D11-00A0C91BC942}") = "build_snow_flake", "build_snow_flake\build_snow_flake.vcxproj", "{039681D7-9DFD-49A6-B3AB-C0FB4229C789}"
EndProject
Project("{8BC9CEB8-8B4A-11D0-8D11-00A0C91BC942}") = "matrix_sum_diagonal_other", "matrix_sum_diagonal_other\matrix_sum_diagonal_other.vcxproj", "{BF3A0AAC-D8E6-4251-959A-56D90D03106A}"
EndProject
Global
	GlobalSection(SolutionConfigurationPlatforms) = preSolution
		Debug|x64 = Debug|x64
		Debug|x86 = Debug|x86
		Release|x64 = Release|x64
		Release|x86 = Release|x86
	EndGlobalSection
	GlobalSection(ProjectConfigurationPlatforms) = postSolution
		{9BB0EFEB-2C87-46B2-AE23-B4514CFC436A}.Debug|x64.ActiveCfg = Debug|x64
		{9BB0EFEB-2C87-46B2-AE23-B4514CFC436A}.Debug|x64.Build.0 = Debug|x64
		{9BB0EFEB-2C87-46B2-AE23-B4514CFC436A}.Debug|x86.ActiveCfg = Debug|Win32
		{9BB0EFEB-2C87-46B2-AE23-B4514CFC436A}.Debug|x86.Build.0 = Debug|Win32
		{9BB0EFEB-2C87-46B2-AE23-B4514CFC436A}.Release|x64.ActiveCfg = Release|x64
		{9BB0EFEB-2C87-46B2-AE23-B4514CFC436A}.Release|x64.Build.0 = Release|x64
		{9BB0EFEB-2C87-46B2-AE23-B4514CFC436A}.Release|x86.ActiveCfg = Release|Win32
		{9BB0EFEB-2C87-46B2-AE23-B4514CFC436A}.Release|x86.Build.0 = Release|Win32
		{C26FC011-899D-49B8-A244-1540F6871FFB}.Debug|x64.ActiveCfg = Debug|x64
		{C26FC011-899D-49B8-A244-1540F6871FFB}.Debug|x64.Build.0 = Debug|x64
		{C26FC011-899D-49B8-A244-1540F6871FFB}.Debug|x86.ActiveCfg = Debug|Win32
		{C26FC011-899D-49B8-A244-1540F6871FFB}.Debug|x86.Build.0 = Debug|Win32
		{C26FC011-899D-49B8-A244-1540F6871FFB}.Release|x64.ActiveCfg = Release|x64
		{C26FC011-899D-49B8-A244-1540F6871FFB}.Release|x64.Build.0 = Release|x64
		{C26FC011-899D-49B8-A244-1540F6871FFB}.Release|x86.ActiveCfg = Release|Win32
		{C26FC011-899D-49B8-A244-1540F6871FFB}.Release|x86.Build.0 = Release|Win32
		{D13C6A9A-BADC-4BD1-A0D1-A7D03DBCE1D0}.Debug|x64.ActiveCfg = Debug|x64
		{D13C6A9A-BADC-4BD1-A0D1-A7D03DBCE1D0}.Debug|x64.Build.0 = Debug|x64
		{D13C6A9A-BADC-4BD1-A0D1-A7D03DBCE1D0}.Debug|x86.ActiveCfg = Debug|Win32
		{D13C6A9A-BADC-4BD1-A0D1-A7D03DBCE1D0}.Debug|x86.Build.0 = Debug|Win32
		{D13C6A9A-BADC-4BD1-A0D1-A7D03DBCE1D0}.Release|x64.ActiveCfg = Release|x64
		{D13C6A9A-BADC-4BD1-A0D1-A7D03DBCE1D0}.Release|x64.Build.0 = Release|x64
		{D13C6A9A-BADC-4BD1-A0D1-A7D03DBCE1D0}.Release|x86.ActiveCfg = Release|Win32
		{D13C6A9A-BADC-4BD1-A0D1-A7D03DBCE1D0}.Release|x86.Build.0 = Release|Win32
		{039681D7-9DFD-49A6-B3AB-C0FB4229C789}.Debug|x64.ActiveCfg = Debug|x64
		{039681D7-9DFD-49A6-B3AB-C0FB4229C789}.Debug|x64.Build.0 = Debug|x64
		{039681D7-9DFD-49A6-B3AB-C0FB4229C789}.Debug|x86.ActiveCfg = Debug|Win32
		{039681D7-9DFD-49A6-B3AB-C0FB4229C789}.Debug|x86.Build.0 = Debug|Win32
		{039681D7-9DFD-49A6-B3AB-C0FB4229C789}.Release|x64.ActiveCfg = Release|x64
		{039681D7-9DFD-49A6-B3AB-C0FB4229C789}.Release|x64.Build.0 = Release|x64
		{039681D7-9DFD-49A6-B3AB-C0FB4229C789}.Release|x86.ActiveCfg = Release|Win32
		{039681D7-9DFD-49A6-B3AB-C0FB4229C789}.Release|x86.Build.0 = Release|Win32
		{BF3A0AAC-D8E6-4251-959A-56D90D03106A}.Debug|x64.ActiveCfg = Debug|x64
		{BF3A0AAC-D8E6-4251-959A-56D90D03106A}.Debug|x64.Build.0 = Debug|x64
		{BF3A0AAC-D8E6-4251-959A-56D90D03106A}.Debug|x86.ActiveCfg = Debug|Win32
		{BF3A0AAC-D8E6-4251-959A-56D90D03106A}.Debug|x86.Build.0 = Debug|Win32
		{BF3A0AAC-D8E6-4251-959A-56D90D03106A}.Release|x64.ActiveCfg = Release|x64
		{BF3A0AAC-D8E6-4251-959A-56D90D03106A}.Release|x64.Build.0 = Release|x64
		{BF3A0AAC-D8E6-4251-959A-56D90D03106A}.Release|x86.ActiveCfg = Release|Win32
		{BF3A0AAC-D8E6-4251-959A-56D90D03106A}.Release|x86.Build.0 = Release|Win32
	EndGlobalSection
	GlobalSection(SolutionProperties) = preSolution
		HideSolutionNode = FALSE
	EndGlobalSection
	GlobalSection(ExtensibilityGlobals) = postSolution
		SolutionGuid = {98D564AB-335A-4EC0-93F9-9B3EEAFAFA9C}
	EndGlobalSection
EndGlobal
